PODS:
  - Kiwi (2.3.1)
  - TFTableDescriptor (0.1.0)

DEPENDENCIES:
  - Kiwi
  - TFTableDescriptor (from `../`)

EXTERNAL SOURCES:
  TFTableDescriptor:
    :path: "../"

SPEC CHECKSUMS:
  Kiwi: f038a6c61f7a9e4d7766bff5717aa3b3fdb75f55
  TFTableDescriptor: 7bd743a7040ecee31ae2edf474b8b39d8bc40853

COCOAPODS: 0.36.3
