PODS:
  - Kiwi (2.3.1)
  - TFTableDescriptor (1.0.0)

DEPENDENCIES:
  - Kiwi
  - TFTableDescriptor (from `../`)

EXTERNAL SOURCES:
  TFTableDescriptor:
    :path: "../"

SPEC CHECKSUMS:
  Kiwi: f038a6c61f7a9e4d7766bff5717aa3b3fdb75f55
  TFTableDescriptor: a7a8f246ddd2fc70f918ca800d916109208b452d

COCOAPODS: 0.36.4
